
Microsoft Visual Studio Solution File, Format Version 12.00
# Visual Studio Express 2013 for Windows Desktop
VisualStudioVersion = 12.0.31101.0
MinimumVisualStudioVersion = 10.0.40219.1
Project("{8BC9CEB8-8B4A-11D0-8D11-00A0C91BC942}") = "calculator", "calculator.vcxproj", "{C6D0B6AC-E8E0-4791-A2E0-B22EEC864B7E}"
	ProjectSection(ProjectDependencies) = postProject
		{25B21068-491B-4A9F-B99F-6C27BF31BAAD} = {25B21068-491B-4A9F-B99F-6C27BF31BAAD}
	EndProjectSection
EndProject
Project("{8BC9CEB8-8B4A-11D0-8D11-00A0C91BC942}") = "widget_show", "widget_show.vcxproj", "{A42511E4-0357-4730-B5BB-AE10C235C7D3}"
	ProjectSection(ProjectDependencies) = postProject
		{25B21068-491B-4A9F-B99F-6C27BF31BAAD} = {25B21068-491B-4A9F-B99F-6C27BF31BAAD}
	EndProjectSection
EndProject
Project("{8BC9CEB8-8B4A-11D0-8D11-00A0C91BC942}") = "a_group_impl", "a_group_impl.vcxproj", "{9D6ADD6E-6873-45A8-A752-64F57893C88F}"
	ProjectSection(ProjectDependencies) = postProject
		{25B21068-491B-4A9F-B99F-6C27BF31BAAD} = {25B21068-491B-4A9F-B99F-6C27BF31BAAD}
	EndProjectSection
EndProject
Project("{8BC9CEB8-8B4A-11D0-8D11-00A0C91BC942}") = "example", "example.vcxproj", "{F321FDE5-C8AD-4C06-A6BC-1D51D42A1951}"
	ProjectSection(ProjectDependencies) = postProject
		{25B21068-491B-4A9F-B99F-6C27BF31BAAD} = {25B21068-491B-4A9F-B99F-6C27BF31BAAD}
	EndProjectSection
EndProject
Project("{8BC9CEB8-8B4A-11D0-8D11-00A0C91BC942}") = "place_login", "place_login.vcxproj", "{803BBA79-10E8-40FD-923C-B32ADB6433ED}"
	ProjectSection(ProjectDependencies) = postProject
		{25B21068-491B-4A9F-B99F-6C27BF31BAAD} = {25B21068-491B-4A9F-B99F-6C27BF31BAAD}
	EndProjectSection
EndProject
Project("{8BC9CEB8-8B4A-11D0-8D11-00A0C91BC942}") = "notepad", "notepad.vcxproj", "{A1B1A972-F96A-485B-BFDC-E8E4C7870F3D}"
	ProjectSection(ProjectDependencies) = postProject
		{25B21068-491B-4A9F-B99F-6C27BF31BAAD} = {25B21068-491B-4A9F-B99F-6C27BF31BAAD}
	EndProjectSection
EndProject
Project("{8BC9CEB8-8B4A-11D0-8D11-00A0C91BC942}") = "widget_show2", "widget_show2.vcxproj", "{E16651F7-357F-4ED2-B849-E219EBE67119}"
	ProjectSection(ProjectDependencies) = postProject
		{25B21068-491B-4A9F-B99F-6C27BF31BAAD} = {25B21068-491B-4A9F-B99F-6C27BF31BAAD}
	EndProjectSection
EndProject
Project("{8BC9CEB8-8B4A-11D0-8D11-00A0C91BC942}") = "FreeMe", "FreeMe.vcxproj", "{4E26751E-7E17-4298-97C1-CD3C9E1948DE}"
	ProjectSection(ProjectDependencies) = postProject
		{25B21068-491B-4A9F-B99F-6C27BF31BAAD} = {25B21068-491B-4A9F-B99F-6C27BF31BAAD}
	EndProjectSection
EndProject
Project("{8BC9CEB8-8B4A-11D0-8D11-00A0C91BC942}") = "screen", "screen.vcxproj", "{1F62EF5A-8EFB-42A7-8E4F-E28C6BA6D31D}"
	ProjectSection(ProjectDependencies) = postProject
		{25B21068-491B-4A9F-B99F-6C27BF31BAAD} = {25B21068-491B-4A9F-B99F-6C27BF31BAAD}
	EndProjectSection
EndProject
Project("{8BC9CEB8-8B4A-11D0-8D11-00A0C91BC942}") = "menu_debug", "menu_debug.vcxproj", "{85167B22-55DC-4A0E-9A59-7D7A63BE32EF}"
	ProjectSection(ProjectDependencies) = postProject
		{25B21068-491B-4A9F-B99F-6C27BF31BAAD} = {25B21068-491B-4A9F-B99F-6C27BF31BAAD}
	EndProjectSection
EndProject
Project("{8BC9CEB8-8B4A-11D0-8D11-00A0C91BC942}") = "group", "group.vcxproj", "{11BB8A5F-792E-4FFE-B069-D3B88F248ED8}"
	ProjectSection(ProjectDependencies) = postProject
		{25B21068-491B-4A9F-B99F-6C27BF31BAAD} = {25B21068-491B-4A9F-B99F-6C27BF31BAAD}
	EndProjectSection
EndProject
Project("{8BC9CEB8-8B4A-11D0-8D11-00A0C91BC942}") = "animate-bmp", "animate-bmp.vcxproj", "{FE0CC8C4-C98A-4D39-89A4-A9873C6108FE}"
	ProjectSection(ProjectDependencies) = postProject
		{25B21068-491B-4A9F-B99F-6C27BF31BAAD} = {25B21068-491B-4A9F-B99F-6C27BF31BAAD}
	EndProjectSection
EndProject
Project("{8BC9CEB8-8B4A-11D0-8D11-00A0C91BC942}") = "audio_player", "audio_player.vcxproj", "{02093AA8-D0D0-4F2D-A537-903C42D60F99}"
	ProjectSection(ProjectDependencies) = postProject
		{25B21068-491B-4A9F-B99F-6C27BF31BAAD} = {25B21068-491B-4A9F-B99F-6C27BF31BAAD}
	EndProjectSection
EndProject
Project("{8BC9CEB8-8B4A-11D0-8D11-00A0C91BC942}") = "audio_player_simple", "audio_player_simple.vcxproj", "{58EE28E9-4268-4726-8BC6-4966A5208B2D}"
	ProjectSection(ProjectDependencies) = postProject
		{25B21068-491B-4A9F-B99F-6C27BF31BAAD} = {25B21068-491B-4A9F-B99F-6C27BF31BAAD}
	EndProjectSection
EndProject
Project("{8BC9CEB8-8B4A-11D0-8D11-00A0C91BC942}") = "nana", "..\..\nana\build\vc2013\nana.vcxproj", "{25B21068-491B-4A9F-B99F-6C27BF31BAAD}"
EndProject
Project("{8BC9CEB8-8B4A-11D0-8D11-00A0C91BC942}") = "inputbox", "inputbox.vcxproj", "{277B257F-6460-4FA2-AC09-D2774FC22D52}"
EndProject
Project("{8BC9CEB8-8B4A-11D0-8D11-00A0C91BC942}") = "windows-subclassing", "windows-subclassing.vcxproj", "{4D36FC7D-A4CD-40FD-BE9C-4E941112B064}"
EndProject
Project("{8BC9CEB8-8B4A-11D0-8D11-00A0C91BC942}") = "window-dragger", "window-dragger.vcxproj", "{5E18DB89-3991-40EB-9357-A371CAADA16F}"
EndProject
Project("{8BC9CEB8-8B4A-11D0-8D11-00A0C91BC942}") = "various_events", "various_events.vcxproj", "{2A01DEB3-BF23-4E34-A278-D718D8624A7F}"
EndProject
Project("{8BC9CEB8-8B4A-11D0-8D11-00A0C91BC942}") = "thread-pool", "thread-pool.vcxproj", "{79BF64C1-99CE-4C77-A8F4-B18DA2924D3E}"
EndProject
Project("{8BC9CEB8-8B4A-11D0-8D11-00A0C91BC942}") = "background-effects", "background-effects.vcxproj", "{F35404E8-1E9B-4101-9241-709F75989EE5}"
EndProject
Project("{8BC9CEB8-8B4A-11D0-8D11-00A0C91BC942}") = "categ", "categ.vcxproj", "{E9998AA4-6603-47BC-9273-D377BBC2CA72}"
EndProject
Project("{8BC9CEB8-8B4A-11D0-8D11-00A0C91BC942}") = "clicked", "clicked.vcxproj", "{35B34F63-E91B-4F5B-8A40-5C19633B8AF3}"
EndProject
Global
	GlobalSection(SolutionConfigurationPlatforms) = preSolution
		Debug|Win32 = Debug|Win32
		Debug|x64 = Debug|x64
		Release|Win32 = Release|Win32
		Release|x64 = Release|x64
	EndGlobalSection
	GlobalSection(ProjectConfigurationPlatforms) = postSolution
		{C6D0B6AC-E8E0-4791-A2E0-B22EEC864B7E}.Debug|Win32.ActiveCfg = Debug|Win32
		{C6D0B6AC-E8E0-4791-A2E0-B22EEC864B7E}.Debug|Win32.Build.0 = Debug|Win32
		{C6D0B6AC-E8E0-4791-A2E0-B22EEC864B7E}.Debug|x64.ActiveCfg = Debug|x64
		{C6D0B6AC-E8E0-4791-A2E0-B22EEC864B7E}.Debug|x64.Build.0 = Debug|x64
		{C6D0B6AC-E8E0-4791-A2E0-B22EEC864B7E}.Release|Win32.ActiveCfg = Release|Win32
		{C6D0B6AC-E8E0-4791-A2E0-B22EEC864B7E}.Release|Win32.Build.0 = Release|Win32
		{C6D0B6AC-E8E0-4791-A2E0-B22EEC864B7E}.Release|x64.ActiveCfg = Release|x64
		{C6D0B6AC-E8E0-4791-A2E0-B22EEC864B7E}.Release|x64.Build.0 = Release|x64
		{A42511E4-0357-4730-B5BB-AE10C235C7D3}.Debug|Win32.ActiveCfg = Debug|Win32
		{A42511E4-0357-4730-B5BB-AE10C235C7D3}.Debug|Win32.Build.0 = Debug|Win32
		{A42511E4-0357-4730-B5BB-AE10C235C7D3}.Debug|x64.ActiveCfg = Debug|x64
		{A42511E4-0357-4730-B5BB-AE10C235C7D3}.Debug|x64.Build.0 = Debug|x64
		{A42511E4-0357-4730-B5BB-AE10C235C7D3}.Release|Win32.ActiveCfg = Release|Win32
		{A42511E4-0357-4730-B5BB-AE10C235C7D3}.Release|Win32.Build.0 = Release|Win32
		{A42511E4-0357-4730-B5BB-AE10C235C7D3}.Release|x64.ActiveCfg = Release|x64
		{A42511E4-0357-4730-B5BB-AE10C235C7D3}.Release|x64.Build.0 = Release|x64
		{9D6ADD6E-6873-45A8-A752-64F57893C88F}.Debug|Win32.ActiveCfg = Debug|Win32
		{9D6ADD6E-6873-45A8-A752-64F57893C88F}.Debug|Win32.Build.0 = Debug|Win32
		{9D6ADD6E-6873-45A8-A752-64F57893C88F}.Debug|x64.ActiveCfg = Debug|x64
		{9D6ADD6E-6873-45A8-A752-64F57893C88F}.Debug|x64.Build.0 = Debug|x64
		{9D6ADD6E-6873-45A8-A752-64F57893C88F}.Release|Win32.ActiveCfg = Release|Win32
		{9D6ADD6E-6873-45A8-A752-64F57893C88F}.Release|Win32.Build.0 = Release|Win32
		{9D6ADD6E-6873-45A8-A752-64F57893C88F}.Release|x64.ActiveCfg = Release|x64
		{9D6ADD6E-6873-45A8-A752-64F57893C88F}.Release|x64.Build.0 = Release|x64
		{F321FDE5-C8AD-4C06-A6BC-1D51D42A1951}.Debug|Win32.ActiveCfg = Debug|Win32
		{F321FDE5-C8AD-4C06-A6BC-1D51D42A1951}.Debug|Win32.Build.0 = Debug|Win32
		{F321FDE5-C8AD-4C06-A6BC-1D51D42A1951}.Debug|x64.ActiveCfg = Debug|x64
		{F321FDE5-C8AD-4C06-A6BC-1D51D42A1951}.Debug|x64.Build.0 = Debug|x64
		{F321FDE5-C8AD-4C06-A6BC-1D51D42A1951}.Release|Win32.ActiveCfg = Release|Win32
		{F321FDE5-C8AD-4C06-A6BC-1D51D42A1951}.Release|Win32.Build.0 = Release|Win32
		{F321FDE5-C8AD-4C06-A6BC-1D51D42A1951}.Release|x64.ActiveCfg = Release|x64
		{F321FDE5-C8AD-4C06-A6BC-1D51D42A1951}.Release|x64.Build.0 = Release|x64
		{803BBA79-10E8-40FD-923C-B32ADB6433ED}.Debug|Win32.ActiveCfg = Debug|Win32
		{803BBA79-10E8-40FD-923C-B32ADB6433ED}.Debug|Win32.Build.0 = Debug|Win32
		{803BBA79-10E8-40FD-923C-B32ADB6433ED}.Debug|x64.ActiveCfg = Debug|x64
		{803BBA79-10E8-40FD-923C-B32ADB6433ED}.Debug|x64.Build.0 = Debug|x64
		{803BBA79-10E8-40FD-923C-B32ADB6433ED}.Release|Win32.ActiveCfg = Release|Win32
		{803BBA79-10E8-40FD-923C-B32ADB6433ED}.Release|Win32.Build.0 = Release|Win32
		{803BBA79-10E8-40FD-923C-B32ADB6433ED}.Release|x64.ActiveCfg = Release|x64
		{803BBA79-10E8-40FD-923C-B32ADB6433ED}.Release|x64.Build.0 = Release|x64
		{A1B1A972-F96A-485B-BFDC-E8E4C7870F3D}.Debug|Win32.ActiveCfg = Debug|Win32
		{A1B1A972-F96A-485B-BFDC-E8E4C7870F3D}.Debug|Win32.Build.0 = Debug|Win32
		{A1B1A972-F96A-485B-BFDC-E8E4C7870F3D}.Debug|x64.ActiveCfg = Debug|x64
		{A1B1A972-F96A-485B-BFDC-E8E4C7870F3D}.Debug|x64.Build.0 = Debug|x64
		{A1B1A972-F96A-485B-BFDC-E8E4C7870F3D}.Release|Win32.ActiveCfg = Release|Win32
		{A1B1A972-F96A-485B-BFDC-E8E4C7870F3D}.Release|Win32.Build.0 = Release|Win32
		{A1B1A972-F96A-485B-BFDC-E8E4C7870F3D}.Release|x64.ActiveCfg = Release|x64
		{A1B1A972-F96A-485B-BFDC-E8E4C7870F3D}.Release|x64.Build.0 = Release|x64
		{E16651F7-357F-4ED2-B849-E219EBE67119}.Debug|Win32.ActiveCfg = Debug|Win32
		{E16651F7-357F-4ED2-B849-E219EBE67119}.Debug|Win32.Build.0 = Debug|Win32
		{E16651F7-357F-4ED2-B849-E219EBE67119}.Debug|x64.ActiveCfg = Debug|x64
		{E16651F7-357F-4ED2-B849-E219EBE67119}.Debug|x64.Build.0 = Debug|x64
		{E16651F7-357F-4ED2-B849-E219EBE67119}.Release|Win32.ActiveCfg = Release|Win32
		{E16651F7-357F-4ED2-B849-E219EBE67119}.Release|Win32.Build.0 = Release|Win32
		{E16651F7-357F-4ED2-B849-E219EBE67119}.Release|x64.ActiveCfg = Release|x64
		{E16651F7-357F-4ED2-B849-E219EBE67119}.Release|x64.Build.0 = Release|x64
		{4E26751E-7E17-4298-97C1-CD3C9E1948DE}.Debug|Win32.ActiveCfg = Debug|Win32
		{4E26751E-7E17-4298-97C1-CD3C9E1948DE}.Debug|Win32.Build.0 = Debug|Win32
		{4E26751E-7E17-4298-97C1-CD3C9E1948DE}.Debug|x64.ActiveCfg = Debug|x64
		{4E26751E-7E17-4298-97C1-CD3C9E1948DE}.Debug|x64.Build.0 = Debug|x64
		{4E26751E-7E17-4298-97C1-CD3C9E1948DE}.Release|Win32.ActiveCfg = Release|Win32
		{4E26751E-7E17-4298-97C1-CD3C9E1948DE}.Release|Win32.Build.0 = Release|Win32
		{4E26751E-7E17-4298-97C1-CD3C9E1948DE}.Release|x64.ActiveCfg = Release|x64
		{4E26751E-7E17-4298-97C1-CD3C9E1948DE}.Release|x64.Build.0 = Release|x64
		{1F62EF5A-8EFB-42A7-8E4F-E28C6BA6D31D}.Debug|Win32.ActiveCfg = Debug|Win32
		{1F62EF5A-8EFB-42A7-8E4F-E28C6BA6D31D}.Debug|Win32.Build.0 = Debug|Win32
		{1F62EF5A-8EFB-42A7-8E4F-E28C6BA6D31D}.Debug|x64.ActiveCfg = Debug|x64
		{1F62EF5A-8EFB-42A7-8E4F-E28C6BA6D31D}.Debug|x64.Build.0 = Debug|x64
		{1F62EF5A-8EFB-42A7-8E4F-E28C6BA6D31D}.Release|Win32.ActiveCfg = Release|Win32
		{1F62EF5A-8EFB-42A7-8E4F-E28C6BA6D31D}.Release|Win32.Build.0 = Release|Win32
		{1F62EF5A-8EFB-42A7-8E4F-E28C6BA6D31D}.Release|x64.ActiveCfg = Release|x64
		{1F62EF5A-8EFB-42A7-8E4F-E28C6BA6D31D}.Release|x64.Build.0 = Release|x64
		{85167B22-55DC-4A0E-9A59-7D7A63BE32EF}.Debug|Win32.ActiveCfg = Debug|Win32
		{85167B22-55DC-4A0E-9A59-7D7A63BE32EF}.Debug|Win32.Build.0 = Debug|Win32
		{85167B22-55DC-4A0E-9A59-7D7A63BE32EF}.Debug|x64.ActiveCfg = Debug|x64
		{85167B22-55DC-4A0E-9A59-7D7A63BE32EF}.Debug|x64.Build.0 = Debug|x64
		{85167B22-55DC-4A0E-9A59-7D7A63BE32EF}.Release|Win32.ActiveCfg = Release|Win32
		{85167B22-55DC-4A0E-9A59-7D7A63BE32EF}.Release|Win32.Build.0 = Release|Win32
		{85167B22-55DC-4A0E-9A59-7D7A63BE32EF}.Release|x64.ActiveCfg = Release|x64
		{85167B22-55DC-4A0E-9A59-7D7A63BE32EF}.Release|x64.Build.0 = Release|x64
		{11BB8A5F-792E-4FFE-B069-D3B88F248ED8}.Debug|Win32.ActiveCfg = Debug|Win32
		{11BB8A5F-792E-4FFE-B069-D3B88F248ED8}.Debug|Win32.Build.0 = Debug|Win32
		{11BB8A5F-792E-4FFE-B069-D3B88F248ED8}.Debug|x64.ActiveCfg = Debug|x64
		{11BB8A5F-792E-4FFE-B069-D3B88F248ED8}.Debug|x64.Build.0 = Debug|x64
		{11BB8A5F-792E-4FFE-B069-D3B88F248ED8}.Release|Win32.ActiveCfg = Release|Win32
		{11BB8A5F-792E-4FFE-B069-D3B88F248ED8}.Release|Win32.Build.0 = Release|Win32
		{11BB8A5F-792E-4FFE-B069-D3B88F248ED8}.Release|x64.ActiveCfg = Release|x64
		{11BB8A5F-792E-4FFE-B069-D3B88F248ED8}.Release|x64.Build.0 = Release|x64
		{FE0CC8C4-C98A-4D39-89A4-A9873C6108FE}.Debug|Win32.ActiveCfg = Debug|Win32
		{FE0CC8C4-C98A-4D39-89A4-A9873C6108FE}.Debug|Win32.Build.0 = Debug|Win32
		{FE0CC8C4-C98A-4D39-89A4-A9873C6108FE}.Debug|x64.ActiveCfg = Debug|x64
		{FE0CC8C4-C98A-4D39-89A4-A9873C6108FE}.Debug|x64.Build.0 = Debug|x64
		{FE0CC8C4-C98A-4D39-89A4-A9873C6108FE}.Release|Win32.ActiveCfg = Release|Win32
		{FE0CC8C4-C98A-4D39-89A4-A9873C6108FE}.Release|Win32.Build.0 = Release|Win32
		{FE0CC8C4-C98A-4D39-89A4-A9873C6108FE}.Release|x64.ActiveCfg = Release|x64
		{FE0CC8C4-C98A-4D39-89A4-A9873C6108FE}.Release|x64.Build.0 = Release|x64
		{02093AA8-D0D0-4F2D-A537-903C42D60F99}.Debug|Win32.ActiveCfg = Debug|Win32
		{02093AA8-D0D0-4F2D-A537-903C42D60F99}.Debug|Win32.Build.0 = Debug|Win32
		{02093AA8-D0D0-4F2D-A537-903C42D60F99}.Debug|x64.ActiveCfg = Debug|x64
		{02093AA8-D0D0-4F2D-A537-903C42D60F99}.Debug|x64.Build.0 = Debug|x64
		{02093AA8-D0D0-4F2D-A537-903C42D60F99}.Release|Win32.ActiveCfg = Release|Win32
		{02093AA8-D0D0-4F2D-A537-903C42D60F99}.Release|Win32.Build.0 = Release|Win32
		{02093AA8-D0D0-4F2D-A537-903C42D60F99}.Release|x64.ActiveCfg = Release|x64
		{02093AA8-D0D0-4F2D-A537-903C42D60F99}.Release|x64.Build.0 = Release|x64
		{58EE28E9-4268-4726-8BC6-4966A5208B2D}.Debug|Win32.ActiveCfg = Debug|Win32
		{58EE28E9-4268-4726-8BC6-4966A5208B2D}.Debug|Win32.Build.0 = Debug|Win32
		{58EE28E9-4268-4726-8BC6-4966A5208B2D}.Debug|x64.ActiveCfg = Debug|x64
		{58EE28E9-4268-4726-8BC6-4966A5208B2D}.Debug|x64.Build.0 = Debug|x64
		{58EE28E9-4268-4726-8BC6-4966A5208B2D}.Release|Win32.ActiveCfg = Release|Win32
		{58EE28E9-4268-4726-8BC6-4966A5208B2D}.Release|Win32.Build.0 = Release|Win32
		{58EE28E9-4268-4726-8BC6-4966A5208B2D}.Release|x64.ActiveCfg = Release|x64
		{58EE28E9-4268-4726-8BC6-4966A5208B2D}.Release|x64.Build.0 = Release|x64
		{25B21068-491B-4A9F-B99F-6C27BF31BAAD}.Debug|Win32.ActiveCfg = Debug|Win32
		{25B21068-491B-4A9F-B99F-6C27BF31BAAD}.Debug|Win32.Build.0 = Debug|Win32
		{25B21068-491B-4A9F-B99F-6C27BF31BAAD}.Debug|x64.ActiveCfg = Debug|x64
		{25B21068-491B-4A9F-B99F-6C27BF31BAAD}.Debug|x64.Build.0 = Debug|x64
		{25B21068-491B-4A9F-B99F-6C27BF31BAAD}.Release|Win32.ActiveCfg = Release|Win32
		{25B21068-491B-4A9F-B99F-6C27BF31BAAD}.Release|Win32.Build.0 = Release|Win32
		{25B21068-491B-4A9F-B99F-6C27BF31BAAD}.Release|x64.ActiveCfg = Release|x64
		{25B21068-491B-4A9F-B99F-6C27BF31BAAD}.Release|x64.Build.0 = Release|x64
		{277B257F-6460-4FA2-AC09-D2774FC22D52}.Debug|Win32.ActiveCfg = Debug|Win32
		{277B257F-6460-4FA2-AC09-D2774FC22D52}.Debug|Win32.Build.0 = Debug|Win32
		{277B257F-6460-4FA2-AC09-D2774FC22D52}.Debug|x64.ActiveCfg = Debug|x64
		{277B257F-6460-4FA2-AC09-D2774FC22D52}.Debug|x64.Build.0 = Debug|x64
		{277B257F-6460-4FA2-AC09-D2774FC22D52}.Release|Win32.ActiveCfg = Release|Win32
		{277B257F-6460-4FA2-AC09-D2774FC22D52}.Release|Win32.Build.0 = Release|Win32
		{277B257F-6460-4FA2-AC09-D2774FC22D52}.Release|x64.ActiveCfg = Release|x64
		{277B257F-6460-4FA2-AC09-D2774FC22D52}.Release|x64.Build.0 = Release|x64
		{4D36FC7D-A4CD-40FD-BE9C-4E941112B064}.Debug|Win32.ActiveCfg = Debug|Win32
		{4D36FC7D-A4CD-40FD-BE9C-4E941112B064}.Debug|Win32.Build.0 = Debug|Win32
		{4D36FC7D-A4CD-40FD-BE9C-4E941112B064}.Debug|x64.ActiveCfg = Debug|x64
		{4D36FC7D-A4CD-40FD-BE9C-4E941112B064}.Debug|x64.Build.0 = Debug|x64
		{4D36FC7D-A4CD-40FD-BE9C-4E941112B064}.Release|Win32.ActiveCfg = Release|Win32
		{4D36FC7D-A4CD-40FD-BE9C-4E941112B064}.Release|Win32.Build.0 = Release|Win32
		{4D36FC7D-A4CD-40FD-BE9C-4E941112B064}.Release|x64.ActiveCfg = Release|x64
		{4D36FC7D-A4CD-40FD-BE9C-4E941112B064}.Release|x64.Build.0 = Release|x64
		{5E18DB89-3991-40EB-9357-A371CAADA16F}.Debug|Win32.ActiveCfg = Debug|Win32
		{5E18DB89-3991-40EB-9357-A371CAADA16F}.Debug|Win32.Build.0 = Debug|Win32
		{5E18DB89-3991-40EB-9357-A371CAADA16F}.Debug|x64.ActiveCfg = Debug|x64
		{5E18DB89-3991-40EB-9357-A371CAADA16F}.Debug|x64.Build.0 = Debug|x64
		{5E18DB89-3991-40EB-9357-A371CAADA16F}.Release|Win32.ActiveCfg = Release|Win32
		{5E18DB89-3991-40EB-9357-A371CAADA16F}.Release|Win32.Build.0 = Release|Win32
		{5E18DB89-3991-40EB-9357-A371CAADA16F}.Release|x64.ActiveCfg = Release|x64
		{5E18DB89-3991-40EB-9357-A371CAADA16F}.Release|x64.Build.0 = Release|x64
		{2A01DEB3-BF23-4E34-A278-D718D8624A7F}.Debug|Win32.ActiveCfg = Debug|Win32
		{2A01DEB3-BF23-4E34-A278-D718D8624A7F}.Debug|Win32.Build.0 = Debug|Win32
		{2A01DEB3-BF23-4E34-A278-D718D8624A7F}.Debug|x64.ActiveCfg = Debug|x64
		{2A01DEB3-BF23-4E34-A278-D718D8624A7F}.Debug|x64.Build.0 = Debug|x64
		{2A01DEB3-BF23-4E34-A278-D718D8624A7F}.Release|Win32.ActiveCfg = Release|Win32
		{2A01DEB3-BF23-4E34-A278-D718D8624A7F}.Release|Win32.Build.0 = Release|Win32
		{2A01DEB3-BF23-4E34-A278-D718D8624A7F}.Release|x64.ActiveCfg = Release|x64
		{2A01DEB3-BF23-4E34-A278-D718D8624A7F}.Release|x64.Build.0 = Release|x64
		{79BF64C1-99CE-4C77-A8F4-B18DA2924D3E}.Debug|Win32.ActiveCfg = Debug|Win32
		{79BF64C1-99CE-4C77-A8F4-B18DA2924D3E}.Debug|Win32.Build.0 = Debug|Win32
		{79BF64C1-99CE-4C77-A8F4-B18DA2924D3E}.Debug|x64.ActiveCfg = Debug|x64
		{79BF64C1-99CE-4C77-A8F4-B18DA2924D3E}.Debug|x64.Build.0 = Debug|x64
		{79BF64C1-99CE-4C77-A8F4-B18DA2924D3E}.Release|Win32.ActiveCfg = Release|Win32
		{79BF64C1-99CE-4C77-A8F4-B18DA2924D3E}.Release|Win32.Build.0 = Release|Win32
		{79BF64C1-99CE-4C77-A8F4-B18DA2924D3E}.Release|x64.ActiveCfg = Release|x64
		{79BF64C1-99CE-4C77-A8F4-B18DA2924D3E}.Release|x64.Build.0 = Release|x64
		{F35404E8-1E9B-4101-9241-709F75989EE5}.Debug|Win32.ActiveCfg = Debug|Win32
		{F35404E8-1E9B-4101-9241-709F75989EE5}.Debug|Win32.Build.0 = Debug|Win32
		{F35404E8-1E9B-4101-9241-709F75989EE5}.Debug|x64.ActiveCfg = Debug|x64
		{F35404E8-1E9B-4101-9241-709F75989EE5}.Debug|x64.Build.0 = Debug|x64
		{F35404E8-1E9B-4101-9241-709F75989EE5}.Release|Win32.ActiveCfg = Release|Win32
		{F35404E8-1E9B-4101-9241-709F75989EE5}.Release|Win32.Build.0 = Release|Win32
		{F35404E8-1E9B-4101-9241-709F75989EE5}.Release|x64.ActiveCfg = Release|x64
		{F35404E8-1E9B-4101-9241-709F75989EE5}.Release|x64.Build.0 = Release|x64
		{E9998AA4-6603-47BC-9273-D377BBC2CA72}.Debug|Win32.ActiveCfg = Debug|Win32
		{E9998AA4-6603-47BC-9273-D377BBC2CA72}.Debug|Win32.Build.0 = Debug|Win32
		{E9998AA4-6603-47BC-9273-D377BBC2CA72}.Debug|x64.ActiveCfg = Debug|x64
		{E9998AA4-6603-47BC-9273-D377BBC2CA72}.Debug|x64.Build.0 = Debug|x64
		{E9998AA4-6603-47BC-9273-D377BBC2CA72}.Release|Win32.ActiveCfg = Release|Win32
		{E9998AA4-6603-47BC-9273-D377BBC2CA72}.Release|Win32.Build.0 = Release|Win32
		{E9998AA4-6603-47BC-9273-D377BBC2CA72}.Release|x64.ActiveCfg = Release|x64
		{E9998AA4-6603-47BC-9273-D377BBC2CA72}.Release|x64.Build.0 = Release|x64
		{35B34F63-E91B-4F5B-8A40-5C19633B8AF3}.Debug|Win32.ActiveCfg = Debug|Win32
		{35B34F63-E91B-4F5B-8A40-5C19633B8AF3}.Debug|Win32.Build.0 = Debug|Win32
		{35B34F63-E91B-4F5B-8A40-5C19633B8AF3}.Debug|x64.ActiveCfg = Debug|x64
		{35B34F63-E91B-4F5B-8A40-5C19633B8AF3}.Debug|x64.Build.0 = Debug|x64
		{35B34F63-E91B-4F5B-8A40-5C19633B8AF3}.Release|Win32.ActiveCfg = Release|Win32
		{35B34F63-E91B-4F5B-8A40-5C19633B8AF3}.Release|Win32.Build.0 = Release|Win32
		{35B34F63-E91B-4F5B-8A40-5C19633B8AF3}.Release|x64.ActiveCfg = Release|x64
		{35B34F63-E91B-4F5B-8A40-5C19633B8AF3}.Release|x64.Build.0 = Release|x64
	EndGlobalSection
	GlobalSection(SolutionProperties) = preSolution
		HideSolutionNode = FALSE
	EndGlobalSection
EndGlobal
