
Microsoft Visual Studio Solution File, Format Version 12.00
# Visual Studio 14
VisualStudioVersion = 14.0.25420.1
MinimumVisualStudioVersion = 10.0.40219.1
Project("{8BC9CEB8-8B4A-11D0-8D11-00A0C91BC942}") = "calculator", "calculator.vcxproj", "{C6D0B6AC-E8E0-4791-A2E0-B22EEC864B7E}"
EndProject
Project("{8BC9CEB8-8B4A-11D0-8D11-00A0C91BC942}") = "widget_show", "widget_show.vcxproj", "{A42511E4-0357-4730-B5BB-AE10C235C7D3}"
EndProject
Project("{8BC9CEB8-8B4A-11D0-8D11-00A0C91BC942}") = "a_group_impl", "a_group_impl.vcxproj", "{9D6ADD6E-6873-45A8-A752-64F57893C88F}"
EndProject
Project("{8BC9CEB8-8B4A-11D0-8D11-00A0C91BC942}") = "example", "example.vcxproj", "{F321FDE5-C8AD-4C06-A6BC-1D51D42A1951}"
EndProject
Project("{8BC9CEB8-8B4A-11D0-8D11-00A0C91BC942}") = "place_login", "place_login.vcxproj", "{803BBA79-10E8-40FD-923C-B32ADB6433ED}"
EndProject
Project("{8BC9CEB8-8B4A-11D0-8D11-00A0C91BC942}") = "notepad", "notepad.vcxproj", "{A1B1A972-F96A-485B-BFDC-E8E4C7870F3D}"
EndProject
Project("{8BC9CEB8-8B4A-11D0-8D11-00A0C91BC942}") = "widget_show2", "widget_show2.vcxproj", "{E16651F7-357F-4ED2-B849-E219EBE67119}"
EndProject
Project("{8BC9CEB8-8B4A-11D0-8D11-00A0C91BC942}") = "FreeMe", "FreeMe.vcxproj", "{4E26751E-7E17-4298-97C1-CD3C9E1948DE}"
EndProject
Project("{8BC9CEB8-8B4A-11D0-8D11-00A0C91BC942}") = "screen", "screen.vcxproj", "{1F62EF5A-8EFB-42A7-8E4F-E28C6BA6D31D}"
EndProject
Project("{8BC9CEB8-8B4A-11D0-8D11-00A0C91BC942}") = "menu_debug", "menu_debug.vcxproj", "{85167B22-55DC-4A0E-9A59-7D7A63BE32EF}"
EndProject
Project("{8BC9CEB8-8B4A-11D0-8D11-00A0C91BC942}") = "group", "group.vcxproj", "{11BB8A5F-792E-4FFE-B069-D3B88F248ED8}"
EndProject
Project("{8BC9CEB8-8B4A-11D0-8D11-00A0C91BC942}") = "animate-bmp", "animate-bmp.vcxproj", "{FE0CC8C4-C98A-4D39-89A4-A9873C6108FE}"
EndProject
Project("{8BC9CEB8-8B4A-11D0-8D11-00A0C91BC942}") = "audio_player", "audio_player.vcxproj", "{02093AA8-D0D0-4F2D-A537-903C42D60F99}"
EndProject
Project("{8BC9CEB8-8B4A-11D0-8D11-00A0C91BC942}") = "audio_player_simple", "audio_player_simple.vcxproj", "{58EE28E9-4268-4726-8BC6-4966A5208B2D}"
EndProject
Project("{8BC9CEB8-8B4A-11D0-8D11-00A0C91BC942}") = "inputbox", "inputbox.vcxproj", "{277B257F-6460-4FA2-AC09-D2774FC22D52}"
EndProject
Project("{8BC9CEB8-8B4A-11D0-8D11-00A0C91BC942}") = "windows-subclassing", "windows-subclassing.vcxproj", "{4D36FC7D-A4CD-40FD-BE9C-4E941112B064}"
EndProject
Project("{8BC9CEB8-8B4A-11D0-8D11-00A0C91BC942}") = "window-dragger", "window-dragger.vcxproj", "{5E18DB89-3991-40EB-9357-A371CAADA16F}"
EndProject
Project("{8BC9CEB8-8B4A-11D0-8D11-00A0C91BC942}") = "various_events", "various_events.vcxproj", "{2A01DEB3-BF23-4E34-A278-D718D8624A7F}"
EndProject
Project("{8BC9CEB8-8B4A-11D0-8D11-00A0C91BC942}") = "thread-pool", "thread-pool.vcxproj", "{79BF64C1-99CE-4C77-A8F4-B18DA2924D3E}"
EndProject
Project("{8BC9CEB8-8B4A-11D0-8D11-00A0C91BC942}") = "background-effects", "background-effects.vcxproj", "{F35404E8-1E9B-4101-9241-709F75989EE5}"
EndProject
Project("{8BC9CEB8-8B4A-11D0-8D11-00A0C91BC942}") = "categ", "categ.vcxproj", "{E9998AA4-6603-47BC-9273-D377BBC2CA72}"
EndProject
Project("{8BC9CEB8-8B4A-11D0-8D11-00A0C91BC942}") = "clicked", "clicked.vcxproj", "{35B34F63-E91B-4F5B-8A40-5C19633B8AF3}"
EndProject
Project("{8BC9CEB8-8B4A-11D0-8D11-00A0C91BC942}") = "framework_design_1", "design_1.vcxproj", "{2350AFEB-D899-4BA5-A344-BD190596D7D1}"
EndProject
Project("{8BC9CEB8-8B4A-11D0-8D11-00A0C91BC942}") = "framework_design_2", "design_2.vcxproj", "{7B4ECCE3-2940-4045-81EA-40436E706BFD}"
EndProject
Project("{8BC9CEB8-8B4A-11D0-8D11-00A0C91BC942}") = "framework_design_3", "design_3.vcxproj", "{1F2C48BF-ECA3-40BF-9BCA-EB46CA0D5508}"
EndProject
Project("{8BC9CEB8-8B4A-11D0-8D11-00A0C91BC942}") = "decore", "decore.vcxproj", "{A1F71E6E-C824-418D-A2AD-B5B59D29CE85}"
EndProject
Project("{8BC9CEB8-8B4A-11D0-8D11-00A0C91BC942}") = "drag-button", "drag-button.vcxproj", "{508148CF-C12F-4B66-AFDF-3A5944FC3D89}"
EndProject
Project("{8BC9CEB8-8B4A-11D0-8D11-00A0C91BC942}") = "draw", "draw.vcxproj", "{26485E6F-EEE9-48E0-BA7A-ADD85F6AD08E}"
EndProject
Project("{8BC9CEB8-8B4A-11D0-8D11-00A0C91BC942}") = "example.button", "example.button.vcxproj", "{045AAAE6-54E9-425A-A331-A17AFD226097}"
EndProject
Project("{8BC9CEB8-8B4A-11D0-8D11-00A0C91BC942}") = "example_combox", "example_combox.vcxproj", "{15BA5E03-7CCC-4A16-9395-C0CE7050D14F}"
EndProject
Project("{8BC9CEB8-8B4A-11D0-8D11-00A0C91BC942}") = "example_listbox", "example_listbox.vcxproj", "{1D2872D9-B133-4D17-825A-4A4573D269DE}"
EndProject
Project("{8BC9CEB8-8B4A-11D0-8D11-00A0C91BC942}") = "example_menu", "example_menu.vcxproj", "{495C80E0-16FE-4ED1-AD64-2C3044B02DCD}"
EndProject
Project("{8BC9CEB8-8B4A-11D0-8D11-00A0C91BC942}") = "filebox-txt", "filebox-txt.vcxproj", "{2F83D844-7F9B-4933-A4AA-161B7A64F3FA}"
EndProject
Project("{8BC9CEB8-8B4A-11D0-8D11-00A0C91BC942}") = "folder_tree", "folder_tree.vcxproj", "{43DB4979-D021-4463-96AC-6410CD89517F}"
EndProject
Project("{8BC9CEB8-8B4A-11D0-8D11-00A0C91BC942}") = "HelloWord", "HelloWord.vcxproj", "{5A610E68-F04D-4B89-BF6F-1DE8574CD799}"
EndProject
Project("{8BC9CEB8-8B4A-11D0-8D11-00A0C91BC942}") = "HelloWord-Quit", "HelloWord-Quit.vcxproj", "{C671CCA3-3E29-44A0-8A99-EB5A29852E1C}"
EndProject
Project("{8BC9CEB8-8B4A-11D0-8D11-00A0C91BC942}") = "loader_1", "loader_1.vcxproj", "{3D77A811-0DC0-40EE-BF1F-57B09B513F3D}"
EndProject
Project("{8BC9CEB8-8B4A-11D0-8D11-00A0C91BC942}") = "loader_2", "loader_2.vcxproj", "{B7F3C5B0-55D0-4D30-B741-6FA1D3764C0D}"
EndProject
Project("{8BC9CEB8-8B4A-11D0-8D11-00A0C91BC942}") = "listbox_Resolver", "listbox_Resolver.vcxproj", "{553CB75C-CBE6-47A8-9434-0556EF13E3C0}"
EndProject
Project("{8BC9CEB8-8B4A-11D0-8D11-00A0C91BC942}") = "lambda_event.Cpp11", "lambda_event.Cpp11.vcxproj", "{3B1417A5-A58B-40A8-AB5F-9DD0EAB409F9}"
EndProject
Project("{8BC9CEB8-8B4A-11D0-8D11-00A0C91BC942}") = "label_listener", "label_listener.vcxproj", "{6D7C98B9-BEB5-42CC-B983-73A6A764C74B}"
EndProject
Project("{8BC9CEB8-8B4A-11D0-8D11-00A0C91BC942}") = "mbox", "mbox.vcxproj", "{7372568C-F069-4DAB-B7D1-8591D36EE547}"
EndProject
Project("{8BC9CEB8-8B4A-11D0-8D11-00A0C91BC942}") = "menu_popuper", "menu_popuper.vcxproj", "{49B412E8-37CB-436D-8CBA-71B548FAFE30}"
EndProject
Project("{8BC9CEB8-8B4A-11D0-8D11-00A0C91BC942}") = "modal_form", "modal_form.vcxproj", "{60FF9931-6072-4402-8364-4CC1107CB745}"
EndProject
Project("{8BC9CEB8-8B4A-11D0-8D11-00A0C91BC942}") = "MontiHall", "MontiHall.vcxproj", "{A5D1E15D-A336-407B-8B04-80B8CE44A257}"
EndProject
Project("{8BC9CEB8-8B4A-11D0-8D11-00A0C91BC942}") = "stretch_image", "stretch_image.vcxproj", "{1099EA00-7CB7-4364-BDFE-19EA0537D4AB}"
EndProject
Project("{2150E333-8FDC-42A3-9474-1A3956D46DE8}") = "Solution Items", "Solution Items", "{0B4FDD7B-B155-477E-93B6-F6541AC6A8AA}"
	ProjectSection(SolutionItems) = preProject
		..\.gitignore = ..\.gitignore
		..\.travis.yml = ..\.travis.yml
		..\README.md = ..\README.md
	EndProjectSection
EndProject
Project("{8BC9CEB8-8B4A-11D0-8D11-00A0C91BC942}") = "threading", "threading.vcxproj", "{57EDE569-3756-4561-B95F-8AD23C85DF95}"
EndProject
Project("{8BC9CEB8-8B4A-11D0-8D11-00A0C91BC942}") = "file_explorer", "file_explorer.vcxproj", "{B2FCD63A-84B5-4353-B606-2B172E17F1DF}"
EndProject
Project("{8BC9CEB8-8B4A-11D0-8D11-00A0C91BC942}") = "folder_tree_std", "folder_tree_std.vcxproj", "{5AB0C96E-6F14-4EC3-960E-D8B6375D8B25}"
EndProject
Project("{8BC9CEB8-8B4A-11D0-8D11-00A0C91BC942}") = "folder_tree_nana", "folder_tree_nana.vcxproj", "{1442405D-B956-4F32-87F3-A2146D58E509}"
EndProject
Project("{8BC9CEB8-8B4A-11D0-8D11-00A0C91BC942}") = "listbox_inline_widget", "listbox_inline_widget.vcxproj", "{A04D754E-1C54-4525-B57D-C348D61A88FD}"
EndProject
Project("{8BC9CEB8-8B4A-11D0-8D11-00A0C91BC942}") = "dock", "dock.vcxproj", "{D1CC541B-3A7C-49A4-9C36-A7F60DC0D9EB}"
EndProject
Global
	GlobalSection(SolutionConfigurationPlatforms) = preSolution
		Debug|Win32 = Debug|Win32
		Debug|x64 = Debug|x64
		Release|Win32 = Release|Win32
		Release|x64 = Release|x64
	EndGlobalSection
	GlobalSection(ProjectConfigurationPlatforms) = postSolution
		{C6D0B6AC-E8E0-4791-A2E0-B22EEC864B7E}.Debug|Win32.ActiveCfg = Debug|Win32
		{C6D0B6AC-E8E0-4791-A2E0-B22EEC864B7E}.Debug|Win32.Build.0 = Debug|Win32
		{C6D0B6AC-E8E0-4791-A2E0-B22EEC864B7E}.Debug|x64.ActiveCfg = Debug|x64
		{C6D0B6AC-E8E0-4791-A2E0-B22EEC864B7E}.Debug|x64.Build.0 = Debug|x64
		{C6D0B6AC-E8E0-4791-A2E0-B22EEC864B7E}.Release|Win32.ActiveCfg = Release|Win32
		{C6D0B6AC-E8E0-4791-A2E0-B22EEC864B7E}.Release|Win32.Build.0 = Release|Win32
		{C6D0B6AC-E8E0-4791-A2E0-B22EEC864B7E}.Release|x64.ActiveCfg = Release|x64
		{C6D0B6AC-E8E0-4791-A2E0-B22EEC864B7E}.Release|x64.Build.0 = Release|x64
		{A42511E4-0357-4730-B5BB-AE10C235C7D3}.Debug|Win32.ActiveCfg = Debug|Win32
		{A42511E4-0357-4730-B5BB-AE10C235C7D3}.Debug|Win32.Build.0 = Debug|Win32
		{A42511E4-0357-4730-B5BB-AE10C235C7D3}.Debug|x64.ActiveCfg = Debug|x64
		{A42511E4-0357-4730-B5BB-AE10C235C7D3}.Debug|x64.Build.0 = Debug|x64
		{A42511E4-0357-4730-B5BB-AE10C235C7D3}.Release|Win32.ActiveCfg = Release|Win32
		{A42511E4-0357-4730-B5BB-AE10C235C7D3}.Release|Win32.Build.0 = Release|Win32
		{A42511E4-0357-4730-B5BB-AE10C235C7D3}.Release|x64.ActiveCfg = Release|x64
		{A42511E4-0357-4730-B5BB-AE10C235C7D3}.Release|x64.Build.0 = Release|x64
		{9D6ADD6E-6873-45A8-A752-64F57893C88F}.Debug|Win32.ActiveCfg = Debug|Win32
		{9D6ADD6E-6873-45A8-A752-64F57893C88F}.Debug|Win32.Build.0 = Debug|Win32
		{9D6ADD6E-6873-45A8-A752-64F57893C88F}.Debug|x64.ActiveCfg = Debug|x64
		{9D6ADD6E-6873-45A8-A752-64F57893C88F}.Debug|x64.Build.0 = Debug|x64
		{9D6ADD6E-6873-45A8-A752-64F57893C88F}.Release|Win32.ActiveCfg = Release|Win32
		{9D6ADD6E-6873-45A8-A752-64F57893C88F}.Release|Win32.Build.0 = Release|Win32
		{9D6ADD6E-6873-45A8-A752-64F57893C88F}.Release|x64.ActiveCfg = Release|x64
		{9D6ADD6E-6873-45A8-A752-64F57893C88F}.Release|x64.Build.0 = Release|x64
		{F321FDE5-C8AD-4C06-A6BC-1D51D42A1951}.Debug|Win32.ActiveCfg = Debug|Win32
		{F321FDE5-C8AD-4C06-A6BC-1D51D42A1951}.Debug|Win32.Build.0 = Debug|Win32
		{F321FDE5-C8AD-4C06-A6BC-1D51D42A1951}.Debug|x64.ActiveCfg = Debug|x64
		{F321FDE5-C8AD-4C06-A6BC-1D51D42A1951}.Debug|x64.Build.0 = Debug|x64
		{F321FDE5-C8AD-4C06-A6BC-1D51D42A1951}.Release|Win32.ActiveCfg = Release|Win32
		{F321FDE5-C8AD-4C06-A6BC-1D51D42A1951}.Release|Win32.Build.0 = Release|Win32
		{F321FDE5-C8AD-4C06-A6BC-1D51D42A1951}.Release|x64.ActiveCfg = Release|x64
		{F321FDE5-C8AD-4C06-A6BC-1D51D42A1951}.Release|x64.Build.0 = Release|x64
		{803BBA79-10E8-40FD-923C-B32ADB6433ED}.Debug|Win32.ActiveCfg = Debug|Win32
		{803BBA79-10E8-40FD-923C-B32ADB6433ED}.Debug|Win32.Build.0 = Debug|Win32
		{803BBA79-10E8-40FD-923C-B32ADB6433ED}.Debug|x64.ActiveCfg = Debug|x64
		{803BBA79-10E8-40FD-923C-B32ADB6433ED}.Debug|x64.Build.0 = Debug|x64
		{803BBA79-10E8-40FD-923C-B32ADB6433ED}.Release|Win32.ActiveCfg = Release|Win32
		{803BBA79-10E8-40FD-923C-B32ADB6433ED}.Release|Win32.Build.0 = Release|Win32
		{803BBA79-10E8-40FD-923C-B32ADB6433ED}.Release|x64.ActiveCfg = Release|x64
		{803BBA79-10E8-40FD-923C-B32ADB6433ED}.Release|x64.Build.0 = Release|x64
		{A1B1A972-F96A-485B-BFDC-E8E4C7870F3D}.Debug|Win32.ActiveCfg = Debug|Win32
		{A1B1A972-F96A-485B-BFDC-E8E4C7870F3D}.Debug|Win32.Build.0 = Debug|Win32
		{A1B1A972-F96A-485B-BFDC-E8E4C7870F3D}.Debug|x64.ActiveCfg = Debug|x64
		{A1B1A972-F96A-485B-BFDC-E8E4C7870F3D}.Debug|x64.Build.0 = Debug|x64
		{A1B1A972-F96A-485B-BFDC-E8E4C7870F3D}.Release|Win32.ActiveCfg = Release|Win32
		{A1B1A972-F96A-485B-BFDC-E8E4C7870F3D}.Release|Win32.Build.0 = Release|Win32
		{A1B1A972-F96A-485B-BFDC-E8E4C7870F3D}.Release|x64.ActiveCfg = Release|x64
		{A1B1A972-F96A-485B-BFDC-E8E4C7870F3D}.Release|x64.Build.0 = Release|x64
		{E16651F7-357F-4ED2-B849-E219EBE67119}.Debug|Win32.ActiveCfg = Debug|Win32
		{E16651F7-357F-4ED2-B849-E219EBE67119}.Debug|Win32.Build.0 = Debug|Win32
		{E16651F7-357F-4ED2-B849-E219EBE67119}.Debug|x64.ActiveCfg = Debug|x64
		{E16651F7-357F-4ED2-B849-E219EBE67119}.Debug|x64.Build.0 = Debug|x64
		{E16651F7-357F-4ED2-B849-E219EBE67119}.Release|Win32.ActiveCfg = Release|Win32
		{E16651F7-357F-4ED2-B849-E219EBE67119}.Release|Win32.Build.0 = Release|Win32
		{E16651F7-357F-4ED2-B849-E219EBE67119}.Release|x64.ActiveCfg = Release|x64
		{E16651F7-357F-4ED2-B849-E219EBE67119}.Release|x64.Build.0 = Release|x64
		{4E26751E-7E17-4298-97C1-CD3C9E1948DE}.Debug|Win32.ActiveCfg = Debug|Win32
		{4E26751E-7E17-4298-97C1-CD3C9E1948DE}.Debug|Win32.Build.0 = Debug|Win32
		{4E26751E-7E17-4298-97C1-CD3C9E1948DE}.Debug|x64.ActiveCfg = Debug|x64
		{4E26751E-7E17-4298-97C1-CD3C9E1948DE}.Debug|x64.Build.0 = Debug|x64
		{4E26751E-7E17-4298-97C1-CD3C9E1948DE}.Release|Win32.ActiveCfg = Release|Win32
		{4E26751E-7E17-4298-97C1-CD3C9E1948DE}.Release|Win32.Build.0 = Release|Win32
		{4E26751E-7E17-4298-97C1-CD3C9E1948DE}.Release|x64.ActiveCfg = Release|x64
		{4E26751E-7E17-4298-97C1-CD3C9E1948DE}.Release|x64.Build.0 = Release|x64
		{1F62EF5A-8EFB-42A7-8E4F-E28C6BA6D31D}.Debug|Win32.ActiveCfg = Debug|Win32
		{1F62EF5A-8EFB-42A7-8E4F-E28C6BA6D31D}.Debug|Win32.Build.0 = Debug|Win32
		{1F62EF5A-8EFB-42A7-8E4F-E28C6BA6D31D}.Debug|x64.ActiveCfg = Debug|x64
		{1F62EF5A-8EFB-42A7-8E4F-E28C6BA6D31D}.Debug|x64.Build.0 = Debug|x64
		{1F62EF5A-8EFB-42A7-8E4F-E28C6BA6D31D}.Release|Win32.ActiveCfg = Release|Win32
		{1F62EF5A-8EFB-42A7-8E4F-E28C6BA6D31D}.Release|Win32.Build.0 = Release|Win32
		{1F62EF5A-8EFB-42A7-8E4F-E28C6BA6D31D}.Release|x64.ActiveCfg = Release|x64
		{1F62EF5A-8EFB-42A7-8E4F-E28C6BA6D31D}.Release|x64.Build.0 = Release|x64
		{85167B22-55DC-4A0E-9A59-7D7A63BE32EF}.Debug|Win32.ActiveCfg = Debug|Win32
		{85167B22-55DC-4A0E-9A59-7D7A63BE32EF}.Debug|Win32.Build.0 = Debug|Win32
		{85167B22-55DC-4A0E-9A59-7D7A63BE32EF}.Debug|x64.ActiveCfg = Debug|x64
		{85167B22-55DC-4A0E-9A59-7D7A63BE32EF}.Debug|x64.Build.0 = Debug|x64
		{85167B22-55DC-4A0E-9A59-7D7A63BE32EF}.Release|Win32.ActiveCfg = Release|Win32
		{85167B22-55DC-4A0E-9A59-7D7A63BE32EF}.Release|Win32.Build.0 = Release|Win32
		{85167B22-55DC-4A0E-9A59-7D7A63BE32EF}.Release|x64.ActiveCfg = Release|x64
		{85167B22-55DC-4A0E-9A59-7D7A63BE32EF}.Release|x64.Build.0 = Release|x64
		{11BB8A5F-792E-4FFE-B069-D3B88F248ED8}.Debug|Win32.ActiveCfg = Debug|Win32
		{11BB8A5F-792E-4FFE-B069-D3B88F248ED8}.Debug|Win32.Build.0 = Debug|Win32
		{11BB8A5F-792E-4FFE-B069-D3B88F248ED8}.Debug|x64.ActiveCfg = Debug|x64
		{11BB8A5F-792E-4FFE-B069-D3B88F248ED8}.Debug|x64.Build.0 = Debug|x64
		{11BB8A5F-792E-4FFE-B069-D3B88F248ED8}.Release|Win32.ActiveCfg = Release|Win32
		{11BB8A5F-792E-4FFE-B069-D3B88F248ED8}.Release|Win32.Build.0 = Release|Win32
		{11BB8A5F-792E-4FFE-B069-D3B88F248ED8}.Release|x64.ActiveCfg = Release|x64
		{11BB8A5F-792E-4FFE-B069-D3B88F248ED8}.Release|x64.Build.0 = Release|x64
		{FE0CC8C4-C98A-4D39-89A4-A9873C6108FE}.Debug|Win32.ActiveCfg = Debug|Win32
		{FE0CC8C4-C98A-4D39-89A4-A9873C6108FE}.Debug|Win32.Build.0 = Debug|Win32
		{FE0CC8C4-C98A-4D39-89A4-A9873C6108FE}.Debug|x64.ActiveCfg = Debug|x64
		{FE0CC8C4-C98A-4D39-89A4-A9873C6108FE}.Debug|x64.Build.0 = Debug|x64
		{FE0CC8C4-C98A-4D39-89A4-A9873C6108FE}.Release|Win32.ActiveCfg = Release|Win32
		{FE0CC8C4-C98A-4D39-89A4-A9873C6108FE}.Release|Win32.Build.0 = Release|Win32
		{FE0CC8C4-C98A-4D39-89A4-A9873C6108FE}.Release|x64.ActiveCfg = Release|x64
		{FE0CC8C4-C98A-4D39-89A4-A9873C6108FE}.Release|x64.Build.0 = Release|x64
		{02093AA8-D0D0-4F2D-A537-903C42D60F99}.Debug|Win32.ActiveCfg = Debug|Win32
		{02093AA8-D0D0-4F2D-A537-903C42D60F99}.Debug|Win32.Build.0 = Debug|Win32
		{02093AA8-D0D0-4F2D-A537-903C42D60F99}.Debug|x64.ActiveCfg = Debug|x64
		{02093AA8-D0D0-4F2D-A537-903C42D60F99}.Debug|x64.Build.0 = Debug|x64
		{02093AA8-D0D0-4F2D-A537-903C42D60F99}.Release|Win32.ActiveCfg = Release|Win32
		{02093AA8-D0D0-4F2D-A537-903C42D60F99}.Release|Win32.Build.0 = Release|Win32
		{02093AA8-D0D0-4F2D-A537-903C42D60F99}.Release|x64.ActiveCfg = Release|x64
		{02093AA8-D0D0-4F2D-A537-903C42D60F99}.Release|x64.Build.0 = Release|x64
		{58EE28E9-4268-4726-8BC6-4966A5208B2D}.Debug|Win32.ActiveCfg = Debug|Win32
		{58EE28E9-4268-4726-8BC6-4966A5208B2D}.Debug|Win32.Build.0 = Debug|Win32
		{58EE28E9-4268-4726-8BC6-4966A5208B2D}.Debug|x64.ActiveCfg = Debug|x64
		{58EE28E9-4268-4726-8BC6-4966A5208B2D}.Debug|x64.Build.0 = Debug|x64
		{58EE28E9-4268-4726-8BC6-4966A5208B2D}.Release|Win32.ActiveCfg = Release|Win32
		{58EE28E9-4268-4726-8BC6-4966A5208B2D}.Release|Win32.Build.0 = Release|Win32
		{58EE28E9-4268-4726-8BC6-4966A5208B2D}.Release|x64.ActiveCfg = Release|x64
		{58EE28E9-4268-4726-8BC6-4966A5208B2D}.Release|x64.Build.0 = Release|x64
		{277B257F-6460-4FA2-AC09-D2774FC22D52}.Debug|Win32.ActiveCfg = Debug|Win32
		{277B257F-6460-4FA2-AC09-D2774FC22D52}.Debug|Win32.Build.0 = Debug|Win32
		{277B257F-6460-4FA2-AC09-D2774FC22D52}.Debug|x64.ActiveCfg = Debug|x64
		{277B257F-6460-4FA2-AC09-D2774FC22D52}.Debug|x64.Build.0 = Debug|x64
		{277B257F-6460-4FA2-AC09-D2774FC22D52}.Release|Win32.ActiveCfg = Release|Win32
		{277B257F-6460-4FA2-AC09-D2774FC22D52}.Release|Win32.Build.0 = Release|Win32
		{277B257F-6460-4FA2-AC09-D2774FC22D52}.Release|x64.ActiveCfg = Release|x64
		{277B257F-6460-4FA2-AC09-D2774FC22D52}.Release|x64.Build.0 = Release|x64
		{4D36FC7D-A4CD-40FD-BE9C-4E941112B064}.Debug|Win32.ActiveCfg = Debug|Win32
		{4D36FC7D-A4CD-40FD-BE9C-4E941112B064}.Debug|Win32.Build.0 = Debug|Win32
		{4D36FC7D-A4CD-40FD-BE9C-4E941112B064}.Debug|x64.ActiveCfg = Debug|x64
		{4D36FC7D-A4CD-40FD-BE9C-4E941112B064}.Debug|x64.Build.0 = Debug|x64
		{4D36FC7D-A4CD-40FD-BE9C-4E941112B064}.Release|Win32.ActiveCfg = Release|Win32
		{4D36FC7D-A4CD-40FD-BE9C-4E941112B064}.Release|Win32.Build.0 = Release|Win32
		{4D36FC7D-A4CD-40FD-BE9C-4E941112B064}.Release|x64.ActiveCfg = Release|x64
		{4D36FC7D-A4CD-40FD-BE9C-4E941112B064}.Release|x64.Build.0 = Release|x64
		{5E18DB89-3991-40EB-9357-A371CAADA16F}.Debug|Win32.ActiveCfg = Debug|Win32
		{5E18DB89-3991-40EB-9357-A371CAADA16F}.Debug|Win32.Build.0 = Debug|Win32
		{5E18DB89-3991-40EB-9357-A371CAADA16F}.Debug|x64.ActiveCfg = Debug|x64
		{5E18DB89-3991-40EB-9357-A371CAADA16F}.Debug|x64.Build.0 = Debug|x64
		{5E18DB89-3991-40EB-9357-A371CAADA16F}.Release|Win32.ActiveCfg = Release|Win32
		{5E18DB89-3991-40EB-9357-A371CAADA16F}.Release|Win32.Build.0 = Release|Win32
		{5E18DB89-3991-40EB-9357-A371CAADA16F}.Release|x64.ActiveCfg = Release|x64
		{5E18DB89-3991-40EB-9357-A371CAADA16F}.Release|x64.Build.0 = Release|x64
		{2A01DEB3-BF23-4E34-A278-D718D8624A7F}.Debug|Win32.ActiveCfg = Debug|Win32
		{2A01DEB3-BF23-4E34-A278-D718D8624A7F}.Debug|Win32.Build.0 = Debug|Win32
		{2A01DEB3-BF23-4E34-A278-D718D8624A7F}.Debug|x64.ActiveCfg = Debug|x64
		{2A01DEB3-BF23-4E34-A278-D718D8624A7F}.Debug|x64.Build.0 = Debug|x64
		{2A01DEB3-BF23-4E34-A278-D718D8624A7F}.Release|Win32.ActiveCfg = Release|Win32
		{2A01DEB3-BF23-4E34-A278-D718D8624A7F}.Release|Win32.Build.0 = Release|Win32
		{2A01DEB3-BF23-4E34-A278-D718D8624A7F}.Release|x64.ActiveCfg = Release|x64
		{2A01DEB3-BF23-4E34-A278-D718D8624A7F}.Release|x64.Build.0 = Release|x64
		{79BF64C1-99CE-4C77-A8F4-B18DA2924D3E}.Debug|Win32.ActiveCfg = Debug|Win32
		{79BF64C1-99CE-4C77-A8F4-B18DA2924D3E}.Debug|Win32.Build.0 = Debug|Win32
		{79BF64C1-99CE-4C77-A8F4-B18DA2924D3E}.Debug|x64.ActiveCfg = Debug|x64
		{79BF64C1-99CE-4C77-A8F4-B18DA2924D3E}.Debug|x64.Build.0 = Debug|x64
		{79BF64C1-99CE-4C77-A8F4-B18DA2924D3E}.Release|Win32.ActiveCfg = Release|Win32
		{79BF64C1-99CE-4C77-A8F4-B18DA2924D3E}.Release|Win32.Build.0 = Release|Win32
		{79BF64C1-99CE-4C77-A8F4-B18DA2924D3E}.Release|x64.ActiveCfg = Release|x64
		{79BF64C1-99CE-4C77-A8F4-B18DA2924D3E}.Release|x64.Build.0 = Release|x64
		{F35404E8-1E9B-4101-9241-709F75989EE5}.Debug|Win32.ActiveCfg = Debug|Win32
		{F35404E8-1E9B-4101-9241-709F75989EE5}.Debug|Win32.Build.0 = Debug|Win32
		{F35404E8-1E9B-4101-9241-709F75989EE5}.Debug|x64.ActiveCfg = Debug|x64
		{F35404E8-1E9B-4101-9241-709F75989EE5}.Debug|x64.Build.0 = Debug|x64
		{F35404E8-1E9B-4101-9241-709F75989EE5}.Release|Win32.ActiveCfg = Release|Win32
		{F35404E8-1E9B-4101-9241-709F75989EE5}.Release|Win32.Build.0 = Release|Win32
		{F35404E8-1E9B-4101-9241-709F75989EE5}.Release|x64.ActiveCfg = Release|x64
		{F35404E8-1E9B-4101-9241-709F75989EE5}.Release|x64.Build.0 = Release|x64
		{E9998AA4-6603-47BC-9273-D377BBC2CA72}.Debug|Win32.ActiveCfg = Debug|Win32
		{E9998AA4-6603-47BC-9273-D377BBC2CA72}.Debug|Win32.Build.0 = Debug|Win32
		{E9998AA4-6603-47BC-9273-D377BBC2CA72}.Debug|x64.ActiveCfg = Debug|x64
		{E9998AA4-6603-47BC-9273-D377BBC2CA72}.Debug|x64.Build.0 = Debug|x64
		{E9998AA4-6603-47BC-9273-D377BBC2CA72}.Release|Win32.ActiveCfg = Release|Win32
		{E9998AA4-6603-47BC-9273-D377BBC2CA72}.Release|Win32.Build.0 = Release|Win32
		{E9998AA4-6603-47BC-9273-D377BBC2CA72}.Release|x64.ActiveCfg = Release|x64
		{E9998AA4-6603-47BC-9273-D377BBC2CA72}.Release|x64.Build.0 = Release|x64
		{35B34F63-E91B-4F5B-8A40-5C19633B8AF3}.Debug|Win32.ActiveCfg = Debug|Win32
		{35B34F63-E91B-4F5B-8A40-5C19633B8AF3}.Debug|Win32.Build.0 = Debug|Win32
		{35B34F63-E91B-4F5B-8A40-5C19633B8AF3}.Debug|x64.ActiveCfg = Debug|x64
		{35B34F63-E91B-4F5B-8A40-5C19633B8AF3}.Debug|x64.Build.0 = Debug|x64
		{35B34F63-E91B-4F5B-8A40-5C19633B8AF3}.Release|Win32.ActiveCfg = Release|Win32
		{35B34F63-E91B-4F5B-8A40-5C19633B8AF3}.Release|Win32.Build.0 = Release|Win32
		{35B34F63-E91B-4F5B-8A40-5C19633B8AF3}.Release|x64.ActiveCfg = Release|x64
		{35B34F63-E91B-4F5B-8A40-5C19633B8AF3}.Release|x64.Build.0 = Release|x64
		{2350AFEB-D899-4BA5-A344-BD190596D7D1}.Debug|Win32.ActiveCfg = Debug|Win32
		{2350AFEB-D899-4BA5-A344-BD190596D7D1}.Debug|Win32.Build.0 = Debug|Win32
		{2350AFEB-D899-4BA5-A344-BD190596D7D1}.Debug|x64.ActiveCfg = Debug|x64
		{2350AFEB-D899-4BA5-A344-BD190596D7D1}.Debug|x64.Build.0 = Debug|x64
		{2350AFEB-D899-4BA5-A344-BD190596D7D1}.Release|Win32.ActiveCfg = Release|Win32
		{2350AFEB-D899-4BA5-A344-BD190596D7D1}.Release|Win32.Build.0 = Release|Win32
		{2350AFEB-D899-4BA5-A344-BD190596D7D1}.Release|x64.ActiveCfg = Release|x64
		{2350AFEB-D899-4BA5-A344-BD190596D7D1}.Release|x64.Build.0 = Release|x64
		{7B4ECCE3-2940-4045-81EA-40436E706BFD}.Debug|Win32.ActiveCfg = Debug|Win32
		{7B4ECCE3-2940-4045-81EA-40436E706BFD}.Debug|Win32.Build.0 = Debug|Win32
		{7B4ECCE3-2940-4045-81EA-40436E706BFD}.Debug|x64.ActiveCfg = Debug|x64
		{7B4ECCE3-2940-4045-81EA-40436E706BFD}.Debug|x64.Build.0 = Debug|x64
		{7B4ECCE3-2940-4045-81EA-40436E706BFD}.Release|Win32.ActiveCfg = Release|Win32
		{7B4ECCE3-2940-4045-81EA-40436E706BFD}.Release|Win32.Build.0 = Release|Win32
		{7B4ECCE3-2940-4045-81EA-40436E706BFD}.Release|x64.ActiveCfg = Release|x64
		{7B4ECCE3-2940-4045-81EA-40436E706BFD}.Release|x64.Build.0 = Release|x64
		{1F2C48BF-ECA3-40BF-9BCA-EB46CA0D5508}.Debug|Win32.ActiveCfg = Debug|Win32
		{1F2C48BF-ECA3-40BF-9BCA-EB46CA0D5508}.Debug|Win32.Build.0 = Debug|Win32
		{1F2C48BF-ECA3-40BF-9BCA-EB46CA0D5508}.Debug|x64.ActiveCfg = Debug|x64
		{1F2C48BF-ECA3-40BF-9BCA-EB46CA0D5508}.Debug|x64.Build.0 = Debug|x64
		{1F2C48BF-ECA3-40BF-9BCA-EB46CA0D5508}.Release|Win32.ActiveCfg = Release|Win32
		{1F2C48BF-ECA3-40BF-9BCA-EB46CA0D5508}.Release|Win32.Build.0 = Release|Win32
		{1F2C48BF-ECA3-40BF-9BCA-EB46CA0D5508}.Release|x64.ActiveCfg = Release|x64
		{1F2C48BF-ECA3-40BF-9BCA-EB46CA0D5508}.Release|x64.Build.0 = Release|x64
		{A1F71E6E-C824-418D-A2AD-B5B59D29CE85}.Debug|Win32.ActiveCfg = Debug|Win32
		{A1F71E6E-C824-418D-A2AD-B5B59D29CE85}.Debug|Win32.Build.0 = Debug|Win32
		{A1F71E6E-C824-418D-A2AD-B5B59D29CE85}.Debug|x64.ActiveCfg = Debug|x64
		{A1F71E6E-C824-418D-A2AD-B5B59D29CE85}.Debug|x64.Build.0 = Debug|x64
		{A1F71E6E-C824-418D-A2AD-B5B59D29CE85}.Release|Win32.ActiveCfg = Release|Win32
		{A1F71E6E-C824-418D-A2AD-B5B59D29CE85}.Release|Win32.Build.0 = Release|Win32
		{A1F71E6E-C824-418D-A2AD-B5B59D29CE85}.Release|x64.ActiveCfg = Release|x64
		{A1F71E6E-C824-418D-A2AD-B5B59D29CE85}.Release|x64.Build.0 = Release|x64
		{508148CF-C12F-4B66-AFDF-3A5944FC3D89}.Debug|Win32.ActiveCfg = Debug|Win32
		{508148CF-C12F-4B66-AFDF-3A5944FC3D89}.Debug|Win32.Build.0 = Debug|Win32
		{508148CF-C12F-4B66-AFDF-3A5944FC3D89}.Debug|x64.ActiveCfg = Debug|x64
		{508148CF-C12F-4B66-AFDF-3A5944FC3D89}.Debug|x64.Build.0 = Debug|x64
		{508148CF-C12F-4B66-AFDF-3A5944FC3D89}.Release|Win32.ActiveCfg = Release|Win32
		{508148CF-C12F-4B66-AFDF-3A5944FC3D89}.Release|Win32.Build.0 = Release|Win32
		{508148CF-C12F-4B66-AFDF-3A5944FC3D89}.Release|x64.ActiveCfg = Release|x64
		{508148CF-C12F-4B66-AFDF-3A5944FC3D89}.Release|x64.Build.0 = Release|x64
		{26485E6F-EEE9-48E0-BA7A-ADD85F6AD08E}.Debug|Win32.ActiveCfg = Debug|Win32
		{26485E6F-EEE9-48E0-BA7A-ADD85F6AD08E}.Debug|Win32.Build.0 = Debug|Win32
		{26485E6F-EEE9-48E0-BA7A-ADD85F6AD08E}.Debug|x64.ActiveCfg = Debug|x64
		{26485E6F-EEE9-48E0-BA7A-ADD85F6AD08E}.Debug|x64.Build.0 = Debug|x64
		{26485E6F-EEE9-48E0-BA7A-ADD85F6AD08E}.Release|Win32.ActiveCfg = Release|Win32
		{26485E6F-EEE9-48E0-BA7A-ADD85F6AD08E}.Release|Win32.Build.0 = Release|Win32
		{26485E6F-EEE9-48E0-BA7A-ADD85F6AD08E}.Release|x64.ActiveCfg = Release|x64
		{26485E6F-EEE9-48E0-BA7A-ADD85F6AD08E}.Release|x64.Build.0 = Release|x64
		{045AAAE6-54E9-425A-A331-A17AFD226097}.Debug|Win32.ActiveCfg = Debug|Win32
		{045AAAE6-54E9-425A-A331-A17AFD226097}.Debug|Win32.Build.0 = Debug|Win32
		{045AAAE6-54E9-425A-A331-A17AFD226097}.Debug|x64.ActiveCfg = Debug|x64
		{045AAAE6-54E9-425A-A331-A17AFD226097}.Debug|x64.Build.0 = Debug|x64
		{045AAAE6-54E9-425A-A331-A17AFD226097}.Release|Win32.ActiveCfg = Release|Win32
		{045AAAE6-54E9-425A-A331-A17AFD226097}.Release|Win32.Build.0 = Release|Win32
		{045AAAE6-54E9-425A-A331-A17AFD226097}.Release|x64.ActiveCfg = Release|x64
		{045AAAE6-54E9-425A-A331-A17AFD226097}.Release|x64.Build.0 = Release|x64
		{15BA5E03-7CCC-4A16-9395-C0CE7050D14F}.Debug|Win32.ActiveCfg = Debug|Win32
		{15BA5E03-7CCC-4A16-9395-C0CE7050D14F}.Debug|Win32.Build.0 = Debug|Win32
		{15BA5E03-7CCC-4A16-9395-C0CE7050D14F}.Debug|x64.ActiveCfg = Debug|x64
		{15BA5E03-7CCC-4A16-9395-C0CE7050D14F}.Debug|x64.Build.0 = Debug|x64
		{15BA5E03-7CCC-4A16-9395-C0CE7050D14F}.Release|Win32.ActiveCfg = Release|Win32
		{15BA5E03-7CCC-4A16-9395-C0CE7050D14F}.Release|Win32.Build.0 = Release|Win32
		{15BA5E03-7CCC-4A16-9395-C0CE7050D14F}.Release|x64.ActiveCfg = Release|x64
		{15BA5E03-7CCC-4A16-9395-C0CE7050D14F}.Release|x64.Build.0 = Release|x64
		{1D2872D9-B133-4D17-825A-4A4573D269DE}.Debug|Win32.ActiveCfg = Debug|Win32
		{1D2872D9-B133-4D17-825A-4A4573D269DE}.Debug|Win32.Build.0 = Debug|Win32
		{1D2872D9-B133-4D17-825A-4A4573D269DE}.Debug|x64.ActiveCfg = Debug|x64
		{1D2872D9-B133-4D17-825A-4A4573D269DE}.Debug|x64.Build.0 = Debug|x64
		{1D2872D9-B133-4D17-825A-4A4573D269DE}.Release|Win32.ActiveCfg = Release|Win32
		{1D2872D9-B133-4D17-825A-4A4573D269DE}.Release|Win32.Build.0 = Release|Win32
		{1D2872D9-B133-4D17-825A-4A4573D269DE}.Release|x64.ActiveCfg = Release|x64
		{1D2872D9-B133-4D17-825A-4A4573D269DE}.Release|x64.Build.0 = Release|x64
		{495C80E0-16FE-4ED1-AD64-2C3044B02DCD}.Debug|Win32.ActiveCfg = Debug|Win32
		{495C80E0-16FE-4ED1-AD64-2C3044B02DCD}.Debug|Win32.Build.0 = Debug|Win32
		{495C80E0-16FE-4ED1-AD64-2C3044B02DCD}.Debug|x64.ActiveCfg = Debug|x64
		{495C80E0-16FE-4ED1-AD64-2C3044B02DCD}.Debug|x64.Build.0 = Debug|x64
		{495C80E0-16FE-4ED1-AD64-2C3044B02DCD}.Release|Win32.ActiveCfg = Release|Win32
		{495C80E0-16FE-4ED1-AD64-2C3044B02DCD}.Release|Win32.Build.0 = Release|Win32
		{495C80E0-16FE-4ED1-AD64-2C3044B02DCD}.Release|x64.ActiveCfg = Release|x64
		{495C80E0-16FE-4ED1-AD64-2C3044B02DCD}.Release|x64.Build.0 = Release|x64
		{2F83D844-7F9B-4933-A4AA-161B7A64F3FA}.Debug|Win32.ActiveCfg = Debug|Win32
		{2F83D844-7F9B-4933-A4AA-161B7A64F3FA}.Debug|Win32.Build.0 = Debug|Win32
		{2F83D844-7F9B-4933-A4AA-161B7A64F3FA}.Debug|x64.ActiveCfg = Debug|x64
		{2F83D844-7F9B-4933-A4AA-161B7A64F3FA}.Debug|x64.Build.0 = Debug|x64
		{2F83D844-7F9B-4933-A4AA-161B7A64F3FA}.Release|Win32.ActiveCfg = Release|Win32
		{2F83D844-7F9B-4933-A4AA-161B7A64F3FA}.Release|Win32.Build.0 = Release|Win32
		{2F83D844-7F9B-4933-A4AA-161B7A64F3FA}.Release|x64.ActiveCfg = Release|x64
		{2F83D844-7F9B-4933-A4AA-161B7A64F3FA}.Release|x64.Build.0 = Release|x64
		{43DB4979-D021-4463-96AC-6410CD89517F}.Debug|Win32.ActiveCfg = Debug|Win32
		{43DB4979-D021-4463-96AC-6410CD89517F}.Debug|Win32.Build.0 = Debug|Win32
		{43DB4979-D021-4463-96AC-6410CD89517F}.Debug|x64.ActiveCfg = Debug|x64
		{43DB4979-D021-4463-96AC-6410CD89517F}.Debug|x64.Build.0 = Debug|x64
		{43DB4979-D021-4463-96AC-6410CD89517F}.Release|Win32.ActiveCfg = Release|Win32
		{43DB4979-D021-4463-96AC-6410CD89517F}.Release|Win32.Build.0 = Release|Win32
		{43DB4979-D021-4463-96AC-6410CD89517F}.Release|x64.ActiveCfg = Release|x64
		{43DB4979-D021-4463-96AC-6410CD89517F}.Release|x64.Build.0 = Release|x64
		{5A610E68-F04D-4B89-BF6F-1DE8574CD799}.Debug|Win32.ActiveCfg = Debug|Win32
		{5A610E68-F04D-4B89-BF6F-1DE8574CD799}.Debug|Win32.Build.0 = Debug|Win32
		{5A610E68-F04D-4B89-BF6F-1DE8574CD799}.Debug|x64.ActiveCfg = Debug|x64
		{5A610E68-F04D-4B89-BF6F-1DE8574CD799}.Debug|x64.Build.0 = Debug|x64
		{5A610E68-F04D-4B89-BF6F-1DE8574CD799}.Release|Win32.ActiveCfg = Release|Win32
		{5A610E68-F04D-4B89-BF6F-1DE8574CD799}.Release|Win32.Build.0 = Release|Win32
		{5A610E68-F04D-4B89-BF6F-1DE8574CD799}.Release|x64.ActiveCfg = Release|x64
		{5A610E68-F04D-4B89-BF6F-1DE8574CD799}.Release|x64.Build.0 = Release|x64
		{C671CCA3-3E29-44A0-8A99-EB5A29852E1C}.Debug|Win32.ActiveCfg = Debug|Win32
		{C671CCA3-3E29-44A0-8A99-EB5A29852E1C}.Debug|Win32.Build.0 = Debug|Win32
		{C671CCA3-3E29-44A0-8A99-EB5A29852E1C}.Debug|x64.ActiveCfg = Debug|x64
		{C671CCA3-3E29-44A0-8A99-EB5A29852E1C}.Debug|x64.Build.0 = Debug|x64
		{C671CCA3-3E29-44A0-8A99-EB5A29852E1C}.Release|Win32.ActiveCfg = Release|Win32
		{C671CCA3-3E29-44A0-8A99-EB5A29852E1C}.Release|Win32.Build.0 = Release|Win32
		{C671CCA3-3E29-44A0-8A99-EB5A29852E1C}.Release|x64.ActiveCfg = Release|x64
		{C671CCA3-3E29-44A0-8A99-EB5A29852E1C}.Release|x64.Build.0 = Release|x64
		{3D77A811-0DC0-40EE-BF1F-57B09B513F3D}.Debug|Win32.ActiveCfg = Debug|Win32
		{3D77A811-0DC0-40EE-BF1F-57B09B513F3D}.Debug|Win32.Build.0 = Debug|Win32
		{3D77A811-0DC0-40EE-BF1F-57B09B513F3D}.Debug|x64.ActiveCfg = Debug|x64
		{3D77A811-0DC0-40EE-BF1F-57B09B513F3D}.Debug|x64.Build.0 = Debug|x64
		{3D77A811-0DC0-40EE-BF1F-57B09B513F3D}.Release|Win32.ActiveCfg = Release|Win32
		{3D77A811-0DC0-40EE-BF1F-57B09B513F3D}.Release|Win32.Build.0 = Release|Win32
		{3D77A811-0DC0-40EE-BF1F-57B09B513F3D}.Release|x64.ActiveCfg = Release|x64
		{3D77A811-0DC0-40EE-BF1F-57B09B513F3D}.Release|x64.Build.0 = Release|x64
		{B7F3C5B0-55D0-4D30-B741-6FA1D3764C0D}.Debug|Win32.ActiveCfg = Debug|Win32
		{B7F3C5B0-55D0-4D30-B741-6FA1D3764C0D}.Debug|Win32.Build.0 = Debug|Win32
		{B7F3C5B0-55D0-4D30-B741-6FA1D3764C0D}.Debug|x64.ActiveCfg = Debug|x64
		{B7F3C5B0-55D0-4D30-B741-6FA1D3764C0D}.Debug|x64.Build.0 = Debug|x64
		{B7F3C5B0-55D0-4D30-B741-6FA1D3764C0D}.Release|Win32.ActiveCfg = Release|Win32
		{B7F3C5B0-55D0-4D30-B741-6FA1D3764C0D}.Release|Win32.Build.0 = Release|Win32
		{B7F3C5B0-55D0-4D30-B741-6FA1D3764C0D}.Release|x64.ActiveCfg = Release|x64
		{B7F3C5B0-55D0-4D30-B741-6FA1D3764C0D}.Release|x64.Build.0 = Release|x64
		{553CB75C-CBE6-47A8-9434-0556EF13E3C0}.Debug|Win32.ActiveCfg = Debug|Win32
		{553CB75C-CBE6-47A8-9434-0556EF13E3C0}.Debug|Win32.Build.0 = Debug|Win32
		{553CB75C-CBE6-47A8-9434-0556EF13E3C0}.Debug|x64.ActiveCfg = Debug|x64
		{553CB75C-CBE6-47A8-9434-0556EF13E3C0}.Debug|x64.Build.0 = Debug|x64
		{553CB75C-CBE6-47A8-9434-0556EF13E3C0}.Release|Win32.ActiveCfg = Release|Win32
		{553CB75C-CBE6-47A8-9434-0556EF13E3C0}.Release|Win32.Build.0 = Release|Win32
		{553CB75C-CBE6-47A8-9434-0556EF13E3C0}.Release|x64.ActiveCfg = Release|x64
		{553CB75C-CBE6-47A8-9434-0556EF13E3C0}.Release|x64.Build.0 = Release|x64
		{3B1417A5-A58B-40A8-AB5F-9DD0EAB409F9}.Debug|Win32.ActiveCfg = Debug|Win32
		{3B1417A5-A58B-40A8-AB5F-9DD0EAB409F9}.Debug|Win32.Build.0 = Debug|Win32
		{3B1417A5-A58B-40A8-AB5F-9DD0EAB409F9}.Debug|x64.ActiveCfg = Debug|x64
		{3B1417A5-A58B-40A8-AB5F-9DD0EAB409F9}.Debug|x64.Build.0 = Debug|x64
		{3B1417A5-A58B-40A8-AB5F-9DD0EAB409F9}.Release|Win32.ActiveCfg = Release|Win32
		{3B1417A5-A58B-40A8-AB5F-9DD0EAB409F9}.Release|Win32.Build.0 = Release|Win32
		{3B1417A5-A58B-40A8-AB5F-9DD0EAB409F9}.Release|x64.ActiveCfg = Release|x64
		{3B1417A5-A58B-40A8-AB5F-9DD0EAB409F9}.Release|x64.Build.0 = Release|x64
		{6D7C98B9-BEB5-42CC-B983-73A6A764C74B}.Debug|Win32.ActiveCfg = Debug|Win32
		{6D7C98B9-BEB5-42CC-B983-73A6A764C74B}.Debug|Win32.Build.0 = Debug|Win32
		{6D7C98B9-BEB5-42CC-B983-73A6A764C74B}.Debug|x64.ActiveCfg = Debug|x64
		{6D7C98B9-BEB5-42CC-B983-73A6A764C74B}.Debug|x64.Build.0 = Debug|x64
		{6D7C98B9-BEB5-42CC-B983-73A6A764C74B}.Release|Win32.ActiveCfg = Release|Win32
		{6D7C98B9-BEB5-42CC-B983-73A6A764C74B}.Release|Win32.Build.0 = Release|Win32
		{6D7C98B9-BEB5-42CC-B983-73A6A764C74B}.Release|x64.ActiveCfg = Release|x64
		{6D7C98B9-BEB5-42CC-B983-73A6A764C74B}.Release|x64.Build.0 = Release|x64
		{7372568C-F069-4DAB-B7D1-8591D36EE547}.Debug|Win32.ActiveCfg = Debug|Win32
		{7372568C-F069-4DAB-B7D1-8591D36EE547}.Debug|Win32.Build.0 = Debug|Win32
		{7372568C-F069-4DAB-B7D1-8591D36EE547}.Debug|x64.ActiveCfg = Debug|x64
		{7372568C-F069-4DAB-B7D1-8591D36EE547}.Debug|x64.Build.0 = Debug|x64
		{7372568C-F069-4DAB-B7D1-8591D36EE547}.Release|Win32.ActiveCfg = Release|Win32
		{7372568C-F069-4DAB-B7D1-8591D36EE547}.Release|Win32.Build.0 = Release|Win32
		{7372568C-F069-4DAB-B7D1-8591D36EE547}.Release|x64.ActiveCfg = Release|x64
		{7372568C-F069-4DAB-B7D1-8591D36EE547}.Release|x64.Build.0 = Release|x64
		{49B412E8-37CB-436D-8CBA-71B548FAFE30}.Debug|Win32.ActiveCfg = Debug|Win32
		{49B412E8-37CB-436D-8CBA-71B548FAFE30}.Debug|Win32.Build.0 = Debug|Win32
		{49B412E8-37CB-436D-8CBA-71B548FAFE30}.Debug|x64.ActiveCfg = Debug|x64
		{49B412E8-37CB-436D-8CBA-71B548FAFE30}.Debug|x64.Build.0 = Debug|x64
		{49B412E8-37CB-436D-8CBA-71B548FAFE30}.Release|Win32.ActiveCfg = Release|Win32
		{49B412E8-37CB-436D-8CBA-71B548FAFE30}.Release|Win32.Build.0 = Release|Win32
		{49B412E8-37CB-436D-8CBA-71B548FAFE30}.Release|x64.ActiveCfg = Release|x64
		{49B412E8-37CB-436D-8CBA-71B548FAFE30}.Release|x64.Build.0 = Release|x64
		{60FF9931-6072-4402-8364-4CC1107CB745}.Debug|Win32.ActiveCfg = Debug|Win32
		{60FF9931-6072-4402-8364-4CC1107CB745}.Debug|Win32.Build.0 = Debug|Win32
		{60FF9931-6072-4402-8364-4CC1107CB745}.Debug|x64.ActiveCfg = Debug|x64
		{60FF9931-6072-4402-8364-4CC1107CB745}.Debug|x64.Build.0 = Debug|x64
		{60FF9931-6072-4402-8364-4CC1107CB745}.Release|Win32.ActiveCfg = Release|Win32
		{60FF9931-6072-4402-8364-4CC1107CB745}.Release|Win32.Build.0 = Release|Win32
		{60FF9931-6072-4402-8364-4CC1107CB745}.Release|x64.ActiveCfg = Release|x64
		{60FF9931-6072-4402-8364-4CC1107CB745}.Release|x64.Build.0 = Release|x64
		{A5D1E15D-A336-407B-8B04-80B8CE44A257}.Debug|Win32.ActiveCfg = Debug|Win32
		{A5D1E15D-A336-407B-8B04-80B8CE44A257}.Debug|Win32.Build.0 = Debug|Win32
		{A5D1E15D-A336-407B-8B04-80B8CE44A257}.Debug|x64.ActiveCfg = Debug|x64
		{A5D1E15D-A336-407B-8B04-80B8CE44A257}.Debug|x64.Build.0 = Debug|x64
		{A5D1E15D-A336-407B-8B04-80B8CE44A257}.Release|Win32.ActiveCfg = Release|Win32
		{A5D1E15D-A336-407B-8B04-80B8CE44A257}.Release|Win32.Build.0 = Release|Win32
		{A5D1E15D-A336-407B-8B04-80B8CE44A257}.Release|x64.ActiveCfg = Release|x64
		{A5D1E15D-A336-407B-8B04-80B8CE44A257}.Release|x64.Build.0 = Release|x64
		{1099EA00-7CB7-4364-BDFE-19EA0537D4AB}.Debug|Win32.ActiveCfg = Debug|Win32
		{1099EA00-7CB7-4364-BDFE-19EA0537D4AB}.Debug|Win32.Build.0 = Debug|Win32
		{1099EA00-7CB7-4364-BDFE-19EA0537D4AB}.Debug|x64.ActiveCfg = Debug|x64
		{1099EA00-7CB7-4364-BDFE-19EA0537D4AB}.Debug|x64.Build.0 = Debug|x64
		{1099EA00-7CB7-4364-BDFE-19EA0537D4AB}.Release|Win32.ActiveCfg = Release|Win32
		{1099EA00-7CB7-4364-BDFE-19EA0537D4AB}.Release|Win32.Build.0 = Release|Win32
		{1099EA00-7CB7-4364-BDFE-19EA0537D4AB}.Release|x64.ActiveCfg = Release|x64
		{1099EA00-7CB7-4364-BDFE-19EA0537D4AB}.Release|x64.Build.0 = Release|x64
		{57EDE569-3756-4561-B95F-8AD23C85DF95}.Debug|Win32.ActiveCfg = Debug|Win32
		{57EDE569-3756-4561-B95F-8AD23C85DF95}.Debug|Win32.Build.0 = Debug|Win32
		{57EDE569-3756-4561-B95F-8AD23C85DF95}.Debug|x64.ActiveCfg = Debug|x64
		{57EDE569-3756-4561-B95F-8AD23C85DF95}.Debug|x64.Build.0 = Debug|x64
		{57EDE569-3756-4561-B95F-8AD23C85DF95}.Release|Win32.ActiveCfg = Release|Win32
		{57EDE569-3756-4561-B95F-8AD23C85DF95}.Release|Win32.Build.0 = Release|Win32
		{57EDE569-3756-4561-B95F-8AD23C85DF95}.Release|x64.ActiveCfg = Release|x64
		{57EDE569-3756-4561-B95F-8AD23C85DF95}.Release|x64.Build.0 = Release|x64
		{B2FCD63A-84B5-4353-B606-2B172E17F1DF}.Debug|Win32.ActiveCfg = Debug|Win32
		{B2FCD63A-84B5-4353-B606-2B172E17F1DF}.Debug|Win32.Build.0 = Debug|Win32
		{B2FCD63A-84B5-4353-B606-2B172E17F1DF}.Debug|x64.ActiveCfg = Debug|x64
		{B2FCD63A-84B5-4353-B606-2B172E17F1DF}.Debug|x64.Build.0 = Debug|x64
		{B2FCD63A-84B5-4353-B606-2B172E17F1DF}.Release|Win32.ActiveCfg = Release|Win32
		{B2FCD63A-84B5-4353-B606-2B172E17F1DF}.Release|Win32.Build.0 = Release|Win32
		{B2FCD63A-84B5-4353-B606-2B172E17F1DF}.Release|x64.ActiveCfg = Release|x64
		{B2FCD63A-84B5-4353-B606-2B172E17F1DF}.Release|x64.Build.0 = Release|x64
		{5AB0C96E-6F14-4EC3-960E-D8B6375D8B25}.Debug|Win32.ActiveCfg = Debug|Win32
		{5AB0C96E-6F14-4EC3-960E-D8B6375D8B25}.Debug|Win32.Build.0 = Debug|Win32
		{5AB0C96E-6F14-4EC3-960E-D8B6375D8B25}.Debug|x64.ActiveCfg = Debug|x64
		{5AB0C96E-6F14-4EC3-960E-D8B6375D8B25}.Debug|x64.Build.0 = Debug|x64
		{5AB0C96E-6F14-4EC3-960E-D8B6375D8B25}.Release|Win32.ActiveCfg = Release|Win32
		{5AB0C96E-6F14-4EC3-960E-D8B6375D8B25}.Release|Win32.Build.0 = Release|Win32
		{5AB0C96E-6F14-4EC3-960E-D8B6375D8B25}.Release|x64.ActiveCfg = Release|x64
		{5AB0C96E-6F14-4EC3-960E-D8B6375D8B25}.Release|x64.Build.0 = Release|x64
		{1442405D-B956-4F32-87F3-A2146D58E509}.Debug|Win32.ActiveCfg = Debug|Win32
		{1442405D-B956-4F32-87F3-A2146D58E509}.Debug|Win32.Build.0 = Debug|Win32
		{1442405D-B956-4F32-87F3-A2146D58E509}.Debug|x64.ActiveCfg = Debug|x64
		{1442405D-B956-4F32-87F3-A2146D58E509}.Debug|x64.Build.0 = Debug|x64
		{1442405D-B956-4F32-87F3-A2146D58E509}.Release|Win32.ActiveCfg = Release|Win32
		{1442405D-B956-4F32-87F3-A2146D58E509}.Release|Win32.Build.0 = Release|Win32
		{1442405D-B956-4F32-87F3-A2146D58E509}.Release|x64.ActiveCfg = Release|x64
		{1442405D-B956-4F32-87F3-A2146D58E509}.Release|x64.Build.0 = Release|x64
		{A04D754E-1C54-4525-B57D-C348D61A88FD}.Debug|Win32.ActiveCfg = Debug|Win32
		{A04D754E-1C54-4525-B57D-C348D61A88FD}.Debug|Win32.Build.0 = Debug|Win32
		{A04D754E-1C54-4525-B57D-C348D61A88FD}.Debug|x64.ActiveCfg = Debug|x64
		{A04D754E-1C54-4525-B57D-C348D61A88FD}.Debug|x64.Build.0 = Debug|x64
		{A04D754E-1C54-4525-B57D-C348D61A88FD}.Release|Win32.ActiveCfg = Release|Win32
		{A04D754E-1C54-4525-B57D-C348D61A88FD}.Release|Win32.Build.0 = Release|Win32
		{A04D754E-1C54-4525-B57D-C348D61A88FD}.Release|x64.ActiveCfg = Release|x64
		{A04D754E-1C54-4525-B57D-C348D61A88FD}.Release|x64.Build.0 = Release|x64
		{D1CC541B-3A7C-49A4-9C36-A7F60DC0D9EB}.Debug|Win32.ActiveCfg = Debug|Win32
		{D1CC541B-3A7C-49A4-9C36-A7F60DC0D9EB}.Debug|Win32.Build.0 = Debug|Win32
		{D1CC541B-3A7C-49A4-9C36-A7F60DC0D9EB}.Debug|x64.ActiveCfg = Debug|x64
		{D1CC541B-3A7C-49A4-9C36-A7F60DC0D9EB}.Debug|x64.Build.0 = Debug|x64
		{D1CC541B-3A7C-49A4-9C36-A7F60DC0D9EB}.Release|Win32.ActiveCfg = Release|Win32
		{D1CC541B-3A7C-49A4-9C36-A7F60DC0D9EB}.Release|Win32.Build.0 = Release|Win32
		{D1CC541B-3A7C-49A4-9C36-A7F60DC0D9EB}.Release|x64.ActiveCfg = Release|x64
		{D1CC541B-3A7C-49A4-9C36-A7F60DC0D9EB}.Release|x64.Build.0 = Release|x64
	EndGlobalSection
	GlobalSection(SolutionProperties) = preSolution
		HideSolutionNode = FALSE
	EndGlobalSection
EndGlobal
